
Microsoft Visual Studio Solution File, Format Version 12.00
# Visual Studio Version 17
VisualStudioVersion = 17.6.33815.320
MinimumVisualStudioVersion = 10.0.40219.1
Project("{FAE04EC0-301F-11D3-BF4B-00C04F79EFBC}") = "PracticeLesson", "PracticeLesson\PracticeLesson.csproj", "{F6E71766-0361-4B15-8141-9B60EAED5ECF}"
EndProject
Global
	GlobalSection(SolutionConfigurationPlatforms) = preSolution
		Debug|Any CPU = Debug|Any CPU
		Release|Any CPU = Release|Any CPU
	EndGlobalSection
	GlobalSection(ProjectConfigurationPlatforms) = postSolution
		{F6E71766-0361-4B15-8141-9B60EAED5ECF}.Debug|Any CPU.ActiveCfg = Debug|Any CPU
		{F6E71766-0361-4B15-8141-9B60EAED5ECF}.Debug|Any CPU.Build.0 = Debug|Any CPU
		{F6E71766-0361-4B15-8141-9B60EAED5ECF}.Release|Any CPU.ActiveCfg = Release|Any CPU
		{F6E71766-0361-4B15-8141-9B60EAED5ECF}.Release|Any CPU.Build.0 = Release|Any CPU
	EndGlobalSection
	GlobalSection(SolutionProperties) = preSolution
		HideSolutionNode = FALSE
	EndGlobalSection
	GlobalSection(ExtensibilityGlobals) = postSolution
		SolutionGuid = {7815CACB-C7B1-4E0D-868D-2F2B2CB85C9F}
	EndGlobalSection
EndGlobal
